
Microsoft Visual Studio Solution File, Format Version 12.00
# Visual Studio Version 16
VisualStudioVersion = 16.0.31129.286
MinimumVisualStudioVersion = 10.0.40219.1
Project("{FAE04EC0-301F-11D3-BF4B-00C04F79EFBC}") = "SRP_Violacao", "SRP_Violacao\SRP_Violacao.csproj", "{7B07150C-3FAA-4408-941A-FBD9A74ED5D7}"
EndProject
Project("{2150E333-8FDC-42A3-9474-1A3956D46DE8}") = "SRP", "SRP", "{9888C8E2-908F-42C8-8B71-81AB7EDB2E54}"
EndProject
Project("{FAE04EC0-301F-11D3-BF4B-00C04F79EFBC}") = "SRP", "SRP\SRP.csproj", "{E07B29EC-D44D-4399-A05E-5091967E2327}"
EndProject
Project("{2150E333-8FDC-42A3-9474-1A3956D46DE8}") = "OCP", "OCP", "{27282D0A-2630-40A4-AFC6-835092ED66F0}"
EndProject
Project("{FAE04EC0-301F-11D3-BF4B-00C04F79EFBC}") = "OCP_Violacao", "OCP_Violacao\OCP_Violacao.csproj", "{0EB80AD2-C4BD-4E07-A464-5FD21AB8ABF2}"
EndProject
Project("{FAE04EC0-301F-11D3-BF4B-00C04F79EFBC}") = "OCP", "OCP\OCP.csproj", "{1B0089E6-15C6-444D-970A-EC284BDA78C1}"
EndProject
Project("{FAE04EC0-301F-11D3-BF4B-00C04F79EFBC}") = "OCP_Interface", "OCP_Interface\OCP_Interface.csproj", "{9D188920-1FCC-41DC-A014-9E620312C19D}"
EndProject
Project("{2150E333-8FDC-42A3-9474-1A3956D46DE8}") = "LSP", "LSP", "{C26DA33A-2F76-4AA7-BBAD-563C21A005AF}"
EndProject
Project("{FAE04EC0-301F-11D3-BF4B-00C04F79EFBC}") = "LSP_Violacao", "LSP_Violacao\LSP_Violacao.csproj", "{456BC198-77DF-4BCD-BAFE-0FAB733D2913}"
EndProject
Project("{FAE04EC0-301F-11D3-BF4B-00C04F79EFBC}") = "LSP", "LSP\LSP.csproj", "{C68C2060-8813-4D0A-9552-03C81FFD7273}"
EndProject
Project("{2150E333-8FDC-42A3-9474-1A3956D46DE8}") = "ISP", "ISP", "{E241E03B-BD08-427F-B6F4-AFC0D2517BC5}"
EndProject
Project("{FAE04EC0-301F-11D3-BF4B-00C04F79EFBC}") = "ISP_Violacao", "ISP_Violacao\ISP_Violacao.csproj", "{A21F5D0F-BEC9-4322-BAA4-ED2A0D9DF207}"
EndProject
Project("{FAE04EC0-301F-11D3-BF4B-00C04F79EFBC}") = "ISP", "ISP\ISP.csproj", "{341278CD-2BB7-4BEB-9DC9-E5229B4CBC74}"
EndProject
Project("{2150E333-8FDC-42A3-9474-1A3956D46DE8}") = "DIP", "DIP", "{8E4443FC-32D4-40AB-BA3F-A0E7C83A3B1D}"
EndProject
Project("{FAE04EC0-301F-11D3-BF4B-00C04F79EFBC}") = "DIP_Violacao", "DIP_Violacao\DIP_Violacao.csproj", "{CB0F6DE5-326E-4723-ABB4-6BAE169BDDBA}"
EndProject
Project("{FAE04EC0-301F-11D3-BF4B-00C04F79EFBC}") = "DIP", "DIP\DIP.csproj", "{2B5539B2-C27F-4B46-A0AE-38D6D032A0C1}"
EndProject
Global
	GlobalSection(SolutionConfigurationPlatforms) = preSolution
		Debug|Any CPU = Debug|Any CPU
		Release|Any CPU = Release|Any CPU
	EndGlobalSection
	GlobalSection(ProjectConfigurationPlatforms) = postSolution
		{7B07150C-3FAA-4408-941A-FBD9A74ED5D7}.Debug|Any CPU.ActiveCfg = Debug|Any CPU
		{7B07150C-3FAA-4408-941A-FBD9A74ED5D7}.Debug|Any CPU.Build.0 = Debug|Any CPU
		{7B07150C-3FAA-4408-941A-FBD9A74ED5D7}.Release|Any CPU.ActiveCfg = Release|Any CPU
		{7B07150C-3FAA-4408-941A-FBD9A74ED5D7}.Release|Any CPU.Build.0 = Release|Any CPU
		{E07B29EC-D44D-4399-A05E-5091967E2327}.Debug|Any CPU.ActiveCfg = Debug|Any CPU
		{E07B29EC-D44D-4399-A05E-5091967E2327}.Debug|Any CPU.Build.0 = Debug|Any CPU
		{E07B29EC-D44D-4399-A05E-5091967E2327}.Release|Any CPU.ActiveCfg = Release|Any CPU
		{E07B29EC-D44D-4399-A05E-5091967E2327}.Release|Any CPU.Build.0 = Release|Any CPU
		{0EB80AD2-C4BD-4E07-A464-5FD21AB8ABF2}.Debug|Any CPU.ActiveCfg = Debug|Any CPU
		{0EB80AD2-C4BD-4E07-A464-5FD21AB8ABF2}.Debug|Any CPU.Build.0 = Debug|Any CPU
		{0EB80AD2-C4BD-4E07-A464-5FD21AB8ABF2}.Release|Any CPU.ActiveCfg = Release|Any CPU
		{0EB80AD2-C4BD-4E07-A464-5FD21AB8ABF2}.Release|Any CPU.Build.0 = Release|Any CPU
		{1B0089E6-15C6-444D-970A-EC284BDA78C1}.Debug|Any CPU.ActiveCfg = Debug|Any CPU
		{1B0089E6-15C6-444D-970A-EC284BDA78C1}.Debug|Any CPU.Build.0 = Debug|Any CPU
		{1B0089E6-15C6-444D-970A-EC284BDA78C1}.Release|Any CPU.ActiveCfg = Release|Any CPU
		{1B0089E6-15C6-444D-970A-EC284BDA78C1}.Release|Any CPU.Build.0 = Release|Any CPU
		{9D188920-1FCC-41DC-A014-9E620312C19D}.Debug|Any CPU.ActiveCfg = Debug|Any CPU
		{9D188920-1FCC-41DC-A014-9E620312C19D}.Debug|Any CPU.Build.0 = Debug|Any CPU
		{9D188920-1FCC-41DC-A014-9E620312C19D}.Release|Any CPU.ActiveCfg = Release|Any CPU
		{9D188920-1FCC-41DC-A014-9E620312C19D}.Release|Any CPU.Build.0 = Release|Any CPU
		{456BC198-77DF-4BCD-BAFE-0FAB733D2913}.Debug|Any CPU.ActiveCfg = Debug|Any CPU
		{456BC198-77DF-4BCD-BAFE-0FAB733D2913}.Debug|Any CPU.Build.0 = Debug|Any CPU
		{456BC198-77DF-4BCD-BAFE-0FAB733D2913}.Release|Any CPU.ActiveCfg = Release|Any CPU
		{456BC198-77DF-4BCD-BAFE-0FAB733D2913}.Release|Any CPU.Build.0 = Release|Any CPU
		{C68C2060-8813-4D0A-9552-03C81FFD7273}.Debug|Any CPU.ActiveCfg = Debug|Any CPU
		{C68C2060-8813-4D0A-9552-03C81FFD7273}.Debug|Any CPU.Build.0 = Debug|Any CPU
		{C68C2060-8813-4D0A-9552-03C81FFD7273}.Release|Any CPU.ActiveCfg = Release|Any CPU
		{C68C2060-8813-4D0A-9552-03C81FFD7273}.Release|Any CPU.Build.0 = Release|Any CPU
		{A21F5D0F-BEC9-4322-BAA4-ED2A0D9DF207}.Debug|Any CPU.ActiveCfg = Debug|Any CPU
		{A21F5D0F-BEC9-4322-BAA4-ED2A0D9DF207}.Debug|Any CPU.Build.0 = Debug|Any CPU
		{A21F5D0F-BEC9-4322-BAA4-ED2A0D9DF207}.Release|Any CPU.ActiveCfg = Release|Any CPU
		{A21F5D0F-BEC9-4322-BAA4-ED2A0D9DF207}.Release|Any CPU.Build.0 = Release|Any CPU
		{341278CD-2BB7-4BEB-9DC9-E5229B4CBC74}.Debug|Any CPU.ActiveCfg = Debug|Any CPU
		{341278CD-2BB7-4BEB-9DC9-E5229B4CBC74}.Debug|Any CPU.Build.0 = Debug|Any CPU
		{341278CD-2BB7-4BEB-9DC9-E5229B4CBC74}.Release|Any CPU.ActiveCfg = Release|Any CPU
		{341278CD-2BB7-4BEB-9DC9-E5229B4CBC74}.Release|Any CPU.Build.0 = Release|Any CPU
		{CB0F6DE5-326E-4723-ABB4-6BAE169BDDBA}.Debug|Any CPU.ActiveCfg = Debug|Any CPU
		{CB0F6DE5-326E-4723-ABB4-6BAE169BDDBA}.Debug|Any CPU.Build.0 = Debug|Any CPU
		{CB0F6DE5-326E-4723-ABB4-6BAE169BDDBA}.Release|Any CPU.ActiveCfg = Release|Any CPU
		{CB0F6DE5-326E-4723-ABB4-6BAE169BDDBA}.Release|Any CPU.Build.0 = Release|Any CPU
		{2B5539B2-C27F-4B46-A0AE-38D6D032A0C1}.Debug|Any CPU.ActiveCfg = Debug|Any CPU
		{2B5539B2-C27F-4B46-A0AE-38D6D032A0C1}.Debug|Any CPU.Build.0 = Debug|Any CPU
		{2B5539B2-C27F-4B46-A0AE-38D6D032A0C1}.Release|Any CPU.ActiveCfg = Release|Any CPU
		{2B5539B2-C27F-4B46-A0AE-38D6D032A0C1}.Release|Any CPU.Build.0 = Release|Any CPU
	EndGlobalSection
	GlobalSection(SolutionProperties) = preSolution
		HideSolutionNode = FALSE
	EndGlobalSection
	GlobalSection(NestedProjects) = preSolution
		{7B07150C-3FAA-4408-941A-FBD9A74ED5D7} = {9888C8E2-908F-42C8-8B71-81AB7EDB2E54}
		{E07B29EC-D44D-4399-A05E-5091967E2327} = {9888C8E2-908F-42C8-8B71-81AB7EDB2E54}
		{0EB80AD2-C4BD-4E07-A464-5FD21AB8ABF2} = {27282D0A-2630-40A4-AFC6-835092ED66F0}
		{1B0089E6-15C6-444D-970A-EC284BDA78C1} = {27282D0A-2630-40A4-AFC6-835092ED66F0}
		{9D188920-1FCC-41DC-A014-9E620312C19D} = {27282D0A-2630-40A4-AFC6-835092ED66F0}
		{456BC198-77DF-4BCD-BAFE-0FAB733D2913} = {C26DA33A-2F76-4AA7-BBAD-563C21A005AF}
		{C68C2060-8813-4D0A-9552-03C81FFD7273} = {C26DA33A-2F76-4AA7-BBAD-563C21A005AF}
		{A21F5D0F-BEC9-4322-BAA4-ED2A0D9DF207} = {E241E03B-BD08-427F-B6F4-AFC0D2517BC5}
		{341278CD-2BB7-4BEB-9DC9-E5229B4CBC74} = {E241E03B-BD08-427F-B6F4-AFC0D2517BC5}
		{CB0F6DE5-326E-4723-ABB4-6BAE169BDDBA} = {8E4443FC-32D4-40AB-BA3F-A0E7C83A3B1D}
		{2B5539B2-C27F-4B46-A0AE-38D6D032A0C1} = {8E4443FC-32D4-40AB-BA3F-A0E7C83A3B1D}
	EndGlobalSection
	GlobalSection(ExtensibilityGlobals) = postSolution
		SolutionGuid = {637090A2-755A-41F6-B1E5-9A18557E2C0A}
	EndGlobalSection
EndGlobal
